
Microsoft Visual Studio Solution File, Format Version 12.00
# Visual Studio 15
VisualStudioVersion = 15.0.28010.2048
MinimumVisualStudioVersion = 10.0.40219.1
Project("{FAE04EC0-301F-11D3-BF4B-00C04F79EFBC}") = "Trip Calculator", "Trip Calculator\Trip Calculator.csproj", "{8FC0C0F5-AA56-4E23-AD21-40884F745EC3}"
EndProject
Global
	GlobalSection(SolutionConfigurationPlatforms) = preSolution
		Debug|Any CPU = Debug|Any CPU
		Release|Any CPU = Release|Any CPU
	EndGlobalSection
	GlobalSection(ProjectConfigurationPlatforms) = postSolution
		{8FC0C0F5-AA56-4E23-AD21-40884F745EC3}.Debug|Any CPU.ActiveCfg = Debug|Any CPU
		{8FC0C0F5-AA56-4E23-AD21-40884F745EC3}.Debug|Any CPU.Build.0 = Debug|Any CPU
		{8FC0C0F5-AA56-4E23-AD21-40884F745EC3}.Release|Any CPU.ActiveCfg = Release|Any CPU
		{8FC0C0F5-AA56-4E23-AD21-40884F745EC3}.Release|Any CPU.Build.0 = Release|Any CPU
	EndGlobalSection
	GlobalSection(SolutionProperties) = preSolution
		HideSolutionNode = FALSE
	EndGlobalSection
	GlobalSection(ExtensibilityGlobals) = postSolution
		SolutionGuid = {4C77B4AE-852F-4627-9DCC-2A60411C9B8E}
	EndGlobalSection
EndGlobal
